
Microsoft Visual Studio Solution File, Format Version 12.00
#
Project("{2150E333-8FDC-42A3-9474-1A3956D46DE8}") = "Solution Items", "Solution Items", "{18ED16EA-78EB-4F00-B017-4E23F6D6ADEC}"
	ProjectSection(SolutionItems) = preProject
		README.md = README.md
	EndProjectSection
EndProject
Project("{FAE04EC0-301F-11D3-BF4B-00C04F79EFBC}") = "Extensions", "src\Extensions.csproj", "{EC456516-0310-4F05-8281-45F4E7CEDA0F}"
EndProject
Project("{F2A71F9B-5D33-465A-A702-920D77279786}") = "Extensions.Test", "tests\Extensions.Test\Extensions.Test.fsproj", "{DC1175A1-DA12-4550-A7D7-F8E0EF1D88AB}"
EndProject
Project("{FAE04EC0-301F-11D3-BF4B-00C04F79EFBC}") = "Extensions.Test.CSharp", "tests\Extensions.Test.CSharp\Extensions.Test.CSharp.csproj", "{3B623C0A-552A-420B-B3BF-E7C3A60F3F9A}"
EndProject
Project("{2150E333-8FDC-42A3-9474-1A3956D46DE8}") = "tests", "tests", "{6F96520E-7106-4603-A6CA-6925182DF3E0}"
EndProject
Global
	GlobalSection(SolutionConfigurationPlatforms) = preSolution
		Debug|Any CPU = Debug|Any CPU
		Release|Any CPU = Release|Any CPU
	EndGlobalSection
	GlobalSection(ProjectConfigurationPlatforms) = postSolution
		{EC456516-0310-4F05-8281-45F4E7CEDA0F}.Debug|Any CPU.ActiveCfg = Debug|Any CPU
		{EC456516-0310-4F05-8281-45F4E7CEDA0F}.Debug|Any CPU.Build.0 = Debug|Any CPU
		{EC456516-0310-4F05-8281-45F4E7CEDA0F}.Release|Any CPU.ActiveCfg = Release|Any CPU
		{EC456516-0310-4F05-8281-45F4E7CEDA0F}.Release|Any CPU.Build.0 = Release|Any CPU
		{DC1175A1-DA12-4550-A7D7-F8E0EF1D88AB}.Debug|Any CPU.ActiveCfg = Debug|Any CPU
		{DC1175A1-DA12-4550-A7D7-F8E0EF1D88AB}.Debug|Any CPU.Build.0 = Debug|Any CPU
		{DC1175A1-DA12-4550-A7D7-F8E0EF1D88AB}.Release|Any CPU.ActiveCfg = Release|Any CPU
		{DC1175A1-DA12-4550-A7D7-F8E0EF1D88AB}.Release|Any CPU.Build.0 = Release|Any CPU
		{3B623C0A-552A-420B-B3BF-E7C3A60F3F9A}.Debug|Any CPU.ActiveCfg = Debug|Any CPU
		{3B623C0A-552A-420B-B3BF-E7C3A60F3F9A}.Debug|Any CPU.Build.0 = Debug|Any CPU
		{3B623C0A-552A-420B-B3BF-E7C3A60F3F9A}.Release|Any CPU.ActiveCfg = Release|Any CPU
		{3B623C0A-552A-420B-B3BF-E7C3A60F3F9A}.Release|Any CPU.Build.0 = Release|Any CPU
	EndGlobalSection
	GlobalSection(NestedProjects) = preSolution
		{3B623C0A-552A-420B-B3BF-E7C3A60F3F9A} = {6F96520E-7106-4603-A6CA-6925182DF3E0}
		{DC1175A1-DA12-4550-A7D7-F8E0EF1D88AB} = {6F96520E-7106-4603-A6CA-6925182DF3E0}
	EndGlobalSection
EndGlobal
