<Solution>
  <Folder Name="/Solution Items/">
    <File Path=".claudeignore" />
    <File Path=".gitignore" />
    <File Path="CLAUDE.md" />
    <File Path="README.md" />
  </Folder>
  <Folder Name="/tests/">
    <Project Path="tests/Extensions.Test.CSharp/Extensions.Test.CSharp.csproj" />
  </Folder>
  <Project Path="src/Extensions.csproj" />
</Solution>
